
Microsoft Visual Studio Solution File, Format Version 12.00
Project("{FAE04EC0-301F-11D3-BF4B-00C04F79EFBC}") = "WalkingAPI", "WalkingAPI\WalkingAPI.csproj", "{84207DF7-1B47-425F-8B21-C25B1478E61B}"
EndProject
Global
	GlobalSection(SolutionConfigurationPlatforms) = preSolution
		Debug|Any CPU = Debug|Any CPU
		Release|Any CPU = Release|Any CPU
	EndGlobalSection
	GlobalSection(ProjectConfigurationPlatforms) = postSolution
		{84207DF7-1B47-425F-8B21-C25B1478E61B}.Debug|Any CPU.ActiveCfg = Debug|Any CPU
		{84207DF7-1B47-425F-8B21-C25B1478E61B}.Debug|Any CPU.Build.0 = Debug|Any CPU
		{84207DF7-1B47-425F-8B21-C25B1478E61B}.Release|Any CPU.ActiveCfg = Release|Any CPU
		{84207DF7-1B47-425F-8B21-C25B1478E61B}.Release|Any CPU.Build.0 = Release|Any CPU
	EndGlobalSection
EndGlobal
